
Microsoft Visual Studio Solution File, Format Version 12.00
Project("{FAE04EC0-301F-11D3-BF4B-00C04F79EFBC}") = "DotNut", "DotNut\DotNut.csproj", "{997966AE-DC46-4473-9C82-A0F1750B2481}"
EndProject
Project("{FAE04EC0-301F-11D3-BF4B-00C04F79EFBC}") = "DotNut.Tests", "DotNut.Tests\DotNut.Tests.csproj", "{0AAAA85C-9FDC-4FD5-9CC2-ED8385B40106}"
EndProject
Global
	GlobalSection(SolutionConfigurationPlatforms) = preSolution
		Debug|Any CPU = Debug|Any CPU
		Release|Any CPU = Release|Any CPU
	EndGlobalSection
	GlobalSection(ProjectConfigurationPlatforms) = postSolution
		{997966AE-DC46-4473-9C82-A0F1750B2481}.Debug|Any CPU.ActiveCfg = Debug|Any CPU
		{997966AE-DC46-4473-9C82-A0F1750B2481}.Debug|Any CPU.Build.0 = Debug|Any CPU
		{997966AE-DC46-4473-9C82-A0F1750B2481}.Release|Any CPU.ActiveCfg = Release|Any CPU
		{997966AE-DC46-4473-9C82-A0F1750B2481}.Release|Any CPU.Build.0 = Release|Any CPU
		{0AAAA85C-9FDC-4FD5-9CC2-ED8385B40106}.Debug|Any CPU.ActiveCfg = Debug|Any CPU
		{0AAAA85C-9FDC-4FD5-9CC2-ED8385B40106}.Debug|Any CPU.Build.0 = Debug|Any CPU
		{0AAAA85C-9FDC-4FD5-9CC2-ED8385B40106}.Release|Any CPU.ActiveCfg = Release|Any CPU
		{0AAAA85C-9FDC-4FD5-9CC2-ED8385B40106}.Release|Any CPU.Build.0 = Release|Any CPU
	EndGlobalSection
EndGlobal
